
Microsoft Visual Studio Solution File, Format Version 12.00
# Visual Studio Version 17
VisualStudioVersion = 17.7.34031.279
MinimumVisualStudioVersion = 10.0.40219.1
Project("{FAE04EC0-301F-11D3-BF4B-00C04F79EFBC}") = "ECommerce.WebApi", "ECommerce.WebApi\ECommerce.WebApi.csproj", "{F847E64B-58CB-4BD2-970E-FF5FC5EC3BE2}"
EndProject
Project("{2150E333-8FDC-42A3-9474-1A3956D46DE8}") = "src", "src", "{0F449C73-8097-4786-A4DB-93602D5703B0}"
EndProject
Project("{FAE04EC0-301F-11D3-BF4B-00C04F79EFBC}") = "ECommerce.Infrastructure", "ECommerce.Infrastructure\ECommerce.Infrastructure.csproj", "{7B983E09-B342-4F9D-AA34-62EC035AF44B}"
EndProject
Project("{FAE04EC0-301F-11D3-BF4B-00C04F79EFBC}") = "ECommerce.Domain", "ECommerce.Domain\ECommerce.Domain.csproj", "{0B522BF1-7F58-4026-80A9-2E1D7424EA71}"
EndProject
Project("{FAE04EC0-301F-11D3-BF4B-00C04F79EFBC}") = "ECommerce.Application", "ECommerce.Application\ECommerce.Application.csproj", "{14A3CD0B-5AB3-4E86-A36F-E3AB156B5166}"
EndProject
Global
	GlobalSection(SolutionConfigurationPlatforms) = preSolution
		Debug|Any CPU = Debug|Any CPU
		Release|Any CPU = Release|Any CPU
	EndGlobalSection
	GlobalSection(ProjectConfigurationPlatforms) = postSolution
		{F847E64B-58CB-4BD2-970E-FF5FC5EC3BE2}.Debug|Any CPU.ActiveCfg = Debug|Any CPU
		{F847E64B-58CB-4BD2-970E-FF5FC5EC3BE2}.Debug|Any CPU.Build.0 = Debug|Any CPU
		{F847E64B-58CB-4BD2-970E-FF5FC5EC3BE2}.Release|Any CPU.ActiveCfg = Release|Any CPU
		{F847E64B-58CB-4BD2-970E-FF5FC5EC3BE2}.Release|Any CPU.Build.0 = Release|Any CPU
		{7B983E09-B342-4F9D-AA34-62EC035AF44B}.Debug|Any CPU.ActiveCfg = Debug|Any CPU
		{7B983E09-B342-4F9D-AA34-62EC035AF44B}.Debug|Any CPU.Build.0 = Debug|Any CPU
		{7B983E09-B342-4F9D-AA34-62EC035AF44B}.Release|Any CPU.ActiveCfg = Release|Any CPU
		{7B983E09-B342-4F9D-AA34-62EC035AF44B}.Release|Any CPU.Build.0 = Release|Any CPU
		{0B522BF1-7F58-4026-80A9-2E1D7424EA71}.Debug|Any CPU.ActiveCfg = Debug|Any CPU
		{0B522BF1-7F58-4026-80A9-2E1D7424EA71}.Debug|Any CPU.Build.0 = Debug|Any CPU
		{0B522BF1-7F58-4026-80A9-2E1D7424EA71}.Release|Any CPU.ActiveCfg = Release|Any CPU
		{0B522BF1-7F58-4026-80A9-2E1D7424EA71}.Release|Any CPU.Build.0 = Release|Any CPU
		{14A3CD0B-5AB3-4E86-A36F-E3AB156B5166}.Debug|Any CPU.ActiveCfg = Debug|Any CPU
		{14A3CD0B-5AB3-4E86-A36F-E3AB156B5166}.Debug|Any CPU.Build.0 = Debug|Any CPU
		{14A3CD0B-5AB3-4E86-A36F-E3AB156B5166}.Release|Any CPU.ActiveCfg = Release|Any CPU
		{14A3CD0B-5AB3-4E86-A36F-E3AB156B5166}.Release|Any CPU.Build.0 = Release|Any CPU
	EndGlobalSection
	GlobalSection(SolutionProperties) = preSolution
		HideSolutionNode = FALSE
	EndGlobalSection
	GlobalSection(NestedProjects) = preSolution
		{F847E64B-58CB-4BD2-970E-FF5FC5EC3BE2} = {0F449C73-8097-4786-A4DB-93602D5703B0}
		{7B983E09-B342-4F9D-AA34-62EC035AF44B} = {0F449C73-8097-4786-A4DB-93602D5703B0}
		{0B522BF1-7F58-4026-80A9-2E1D7424EA71} = {0F449C73-8097-4786-A4DB-93602D5703B0}
		{14A3CD0B-5AB3-4E86-A36F-E3AB156B5166} = {0F449C73-8097-4786-A4DB-93602D5703B0}
	EndGlobalSection
	GlobalSection(ExtensibilityGlobals) = postSolution
		SolutionGuid = {9D3907DE-2F0E-4CC7-803E-F77A1AD34F61}
	EndGlobalSection
EndGlobal
